
Microsoft Visual Studio Solution File, Format Version 12.00
# Visual Studio Version 17
VisualStudioVersion = 17.6.33927.249
MinimumVisualStudioVersion = 10.0.40219.1
Project("{FAE04EC0-301F-11D3-BF4B-00C04F79EFBC}") = "SimpleAritmetikSolution", "SimpleAritmetikSolution\SimpleAritmetikSolution.csproj", "{7FA40DE8-D4BB-42C2-94F9-2C6766DDD860}"
EndProject
Global
	GlobalSection(SolutionConfigurationPlatforms) = preSolution
		Debug|Any CPU = Debug|Any CPU
		Release|Any CPU = Release|Any CPU
	EndGlobalSection
	GlobalSection(ProjectConfigurationPlatforms) = postSolution
		{7FA40DE8-D4BB-42C2-94F9-2C6766DDD860}.Debug|Any CPU.ActiveCfg = Debug|Any CPU
		{7FA40DE8-D4BB-42C2-94F9-2C6766DDD860}.Debug|Any CPU.Build.0 = Debug|Any CPU
		{7FA40DE8-D4BB-42C2-94F9-2C6766DDD860}.Release|Any CPU.ActiveCfg = Release|Any CPU
		{7FA40DE8-D4BB-42C2-94F9-2C6766DDD860}.Release|Any CPU.Build.0 = Release|Any CPU
	EndGlobalSection
	GlobalSection(SolutionProperties) = preSolution
		HideSolutionNode = FALSE
	EndGlobalSection
	GlobalSection(ExtensibilityGlobals) = postSolution
		SolutionGuid = {73DE6C62-87D8-40C4-8B15-045C0D2DE89B}
	EndGlobalSection
EndGlobal
